
Microsoft Visual Studio Solution File, Format Version 12.00
# Visual Studio Version 16
VisualStudioVersion = 16.0.29209.152
MinimumVisualStudioVersion = 10.0.40219.1
Project("{FAE04EC0-301F-11D3-BF4B-00C04F79EFBC}") = "LibGetDownloader", "LibGetDownloader\LibGetDownloader.csproj", "{E7797080-B7B1-47AF-AD44-B7966BEE8CD5}"
EndProject
Project("{FAE04EC0-301F-11D3-BF4B-00C04F79EFBC}") = "LibGetDownloaderCli", "LibGetDownloaderCli\LibGetDownloaderCli.csproj", "{1A13C438-13DF-4DD1-B0B0-8E7D7956276F}"
EndProject
Global
	GlobalSection(SolutionConfigurationPlatforms) = preSolution
		Debug|Any CPU = Debug|Any CPU
		Release|Any CPU = Release|Any CPU
	EndGlobalSection
	GlobalSection(ProjectConfigurationPlatforms) = postSolution
		{E7797080-B7B1-47AF-AD44-B7966BEE8CD5}.Debug|Any CPU.ActiveCfg = Debug|Any CPU
		{E7797080-B7B1-47AF-AD44-B7966BEE8CD5}.Debug|Any CPU.Build.0 = Debug|Any CPU
		{E7797080-B7B1-47AF-AD44-B7966BEE8CD5}.Release|Any CPU.ActiveCfg = Release|Any CPU
		{E7797080-B7B1-47AF-AD44-B7966BEE8CD5}.Release|Any CPU.Build.0 = Release|Any CPU
		{1A13C438-13DF-4DD1-B0B0-8E7D7956276F}.Debug|Any CPU.ActiveCfg = Debug|Any CPU
		{1A13C438-13DF-4DD1-B0B0-8E7D7956276F}.Debug|Any CPU.Build.0 = Debug|Any CPU
		{1A13C438-13DF-4DD1-B0B0-8E7D7956276F}.Release|Any CPU.ActiveCfg = Release|Any CPU
		{1A13C438-13DF-4DD1-B0B0-8E7D7956276F}.Release|Any CPU.Build.0 = Release|Any CPU
	EndGlobalSection
	GlobalSection(SolutionProperties) = preSolution
		HideSolutionNode = FALSE
	EndGlobalSection
	GlobalSection(ExtensibilityGlobals) = postSolution
		SolutionGuid = {7C6CC8C8-87BB-42CD-AF3A-BFC0F89A1822}
	EndGlobalSection
EndGlobal
